
Microsoft Visual Studio Solution File, Format Version 11.00
# Visual Studio 2010
Project("{FAE04EC0-301F-11D3-BF4B-00C04F79EFBC}") = "Assembly-CSharp", "Assembly-CSharp.csproj", "{bfd2c235-e8bc-c6d3-8d3f-daf6d7a10932}"
EndProject
Project("{FAE04EC0-301F-11D3-BF4B-00C04F79EFBC}") = "Assembly-CSharp-Editor", "Assembly-CSharp-Editor.csproj", "{73f3e2c1-964d-b63c-6723-f61b7a5665bf}"
EndProject
Global
	GlobalSection(SolutionConfigurationPlatforms) = preSolution
		Debug|Any CPU = Debug|Any CPU
		Release|Any CPU = Release|Any CPU
	EndGlobalSection
	GlobalSection(ProjectConfigurationPlatforms) = postSolution
		{bfd2c235-e8bc-c6d3-8d3f-daf6d7a10932}.Debug|Any CPU.ActiveCfg = Debug|Any CPU
		{bfd2c235-e8bc-c6d3-8d3f-daf6d7a10932}.Debug|Any CPU.Build.0 = Debug|Any CPU
		{bfd2c235-e8bc-c6d3-8d3f-daf6d7a10932}.Release|Any CPU.ActiveCfg = Release|Any CPU
		{bfd2c235-e8bc-c6d3-8d3f-daf6d7a10932}.Release|Any CPU.Build.0 = Release|Any CPU
		{73f3e2c1-964d-b63c-6723-f61b7a5665bf}.Debug|Any CPU.ActiveCfg = Debug|Any CPU
		{73f3e2c1-964d-b63c-6723-f61b7a5665bf}.Debug|Any CPU.Build.0 = Debug|Any CPU
		{73f3e2c1-964d-b63c-6723-f61b7a5665bf}.Release|Any CPU.ActiveCfg = Release|Any CPU
		{73f3e2c1-964d-b63c-6723-f61b7a5665bf}.Release|Any CPU.Build.0 = Release|Any CPU
	EndGlobalSection
	GlobalSection(SolutionProperties) = preSolution
		HideSolutionNode = FALSE
	EndGlobalSection
EndGlobal
